
Microsoft Visual Studio Solution File, Format Version 12.00
# Visual Studio Version 17
VisualStudioVersion = 17.4.33213.308
MinimumVisualStudioVersion = 10.0.40219.1
Project("{F184B08F-C81C-45F6-A57F-5ABD9991F28F}") = "weekly5", "weekly5.vbproj", "{DF71942F-051F-4C0C-8E70-4DF42368A3DB}"
EndProject
Global
	GlobalSection(SolutionConfigurationPlatforms) = preSolution
		Debug|Any CPU = Debug|Any CPU
		Release|Any CPU = Release|Any CPU
	EndGlobalSection
	GlobalSection(ProjectConfigurationPlatforms) = postSolution
		{DF71942F-051F-4C0C-8E70-4DF42368A3DB}.Debug|Any CPU.ActiveCfg = Debug|Any CPU
		{DF71942F-051F-4C0C-8E70-4DF42368A3DB}.Debug|Any CPU.Build.0 = Debug|Any CPU
		{DF71942F-051F-4C0C-8E70-4DF42368A3DB}.Release|Any CPU.ActiveCfg = Release|Any CPU
		{DF71942F-051F-4C0C-8E70-4DF42368A3DB}.Release|Any CPU.Build.0 = Release|Any CPU
	EndGlobalSection
	GlobalSection(SolutionProperties) = preSolution
		HideSolutionNode = FALSE
	EndGlobalSection
	GlobalSection(ExtensibilityGlobals) = postSolution
		SolutionGuid = {58742BA4-8B5E-4FB2-ADD7-F9FED17868B1}
	EndGlobalSection
EndGlobal
